
Microsoft Visual Studio Solution File, Format Version 12.00
# Visual Studio Version 17
VisualStudioVersion = 17.8.34330.188
MinimumVisualStudioVersion = 10.0.40219.1
Project("{FAE04EC0-301F-11D3-BF4B-00C04F79EFBC}") = "CSharpOpdrachten", "CSharpOpdrachten\CSharpOpdrachten.csproj", "{A769D0CC-A336-48A5-9D63-986A0707C477}"
EndProject
Project("{FAE04EC0-301F-11D3-BF4B-00C04F79EFBC}") = "ProjectAddOpdracht", "ProjectAddOpdracht\ProjectAddOpdracht.csproj", "{7EA0D8AB-E3FB-4A2F-8DDC-5D85B5D7A60E}"
EndProject
Global
	GlobalSection(SolutionConfigurationPlatforms) = preSolution
		Debug|Any CPU = Debug|Any CPU
		Release|Any CPU = Release|Any CPU
	EndGlobalSection
	GlobalSection(ProjectConfigurationPlatforms) = postSolution
		{A769D0CC-A336-48A5-9D63-986A0707C477}.Debug|Any CPU.ActiveCfg = Debug|Any CPU
		{A769D0CC-A336-48A5-9D63-986A0707C477}.Debug|Any CPU.Build.0 = Debug|Any CPU
		{A769D0CC-A336-48A5-9D63-986A0707C477}.Release|Any CPU.ActiveCfg = Release|Any CPU
		{A769D0CC-A336-48A5-9D63-986A0707C477}.Release|Any CPU.Build.0 = Release|Any CPU
		{7EA0D8AB-E3FB-4A2F-8DDC-5D85B5D7A60E}.Debug|Any CPU.ActiveCfg = Debug|Any CPU
		{7EA0D8AB-E3FB-4A2F-8DDC-5D85B5D7A60E}.Debug|Any CPU.Build.0 = Debug|Any CPU
		{7EA0D8AB-E3FB-4A2F-8DDC-5D85B5D7A60E}.Release|Any CPU.ActiveCfg = Release|Any CPU
		{7EA0D8AB-E3FB-4A2F-8DDC-5D85B5D7A60E}.Release|Any CPU.Build.0 = Release|Any CPU
	EndGlobalSection
	GlobalSection(SolutionProperties) = preSolution
		HideSolutionNode = FALSE
	EndGlobalSection
	GlobalSection(ExtensibilityGlobals) = postSolution
		SolutionGuid = {A4541295-EB1F-4784-A9F2-CB1C7E9222C4}
	EndGlobalSection
EndGlobal
